
Microsoft Visual Studio Solution File, Format Version 12.00
# Visual Studio 15
Project("{FAE04EC0-301F-11D3-BF4B-00C04F79EFBC}") = "Assembly-CSharp-firstpass", "Assembly-CSharp-firstpass.csproj", "{E732CB53-4D63-E76C-4850-E65B83BBD1A6}"
EndProject
Project("{FAE04EC0-301F-11D3-BF4B-00C04F79EFBC}") = "Assembly-CSharp", "Assembly-CSharp.csproj", "{82F76155-F709-07DD-C29F-2B1D1F619A94}"
EndProject
Project("{FAE04EC0-301F-11D3-BF4B-00C04F79EFBC}") = "Assembly-CSharp-Editor-firstpass", "Assembly-CSharp-Editor-firstpass.csproj", "{72FB563F-1E36-9232-79C1-94CC259EB5E7}"
EndProject
Global
	GlobalSection(SolutionConfigurationPlatforms) = preSolution
		Debug|Any CPU = Debug|Any CPU
		Release|Any CPU = Release|Any CPU
	EndGlobalSection
	GlobalSection(ProjectConfigurationPlatforms) = postSolution
		{E732CB53-4D63-E76C-4850-E65B83BBD1A6}.Debug|Any CPU.ActiveCfg = Debug|Any CPU
		{E732CB53-4D63-E76C-4850-E65B83BBD1A6}.Debug|Any CPU.Build.0 = Debug|Any CPU
		{E732CB53-4D63-E76C-4850-E65B83BBD1A6}.Release|Any CPU.ActiveCfg = Release|Any CPU
		{E732CB53-4D63-E76C-4850-E65B83BBD1A6}.Release|Any CPU.Build.0 = Release|Any CPU
		{82F76155-F709-07DD-C29F-2B1D1F619A94}.Debug|Any CPU.ActiveCfg = Debug|Any CPU
		{82F76155-F709-07DD-C29F-2B1D1F619A94}.Debug|Any CPU.Build.0 = Debug|Any CPU
		{82F76155-F709-07DD-C29F-2B1D1F619A94}.Release|Any CPU.ActiveCfg = Release|Any CPU
		{82F76155-F709-07DD-C29F-2B1D1F619A94}.Release|Any CPU.Build.0 = Release|Any CPU
		{72FB563F-1E36-9232-79C1-94CC259EB5E7}.Debug|Any CPU.ActiveCfg = Debug|Any CPU
		{72FB563F-1E36-9232-79C1-94CC259EB5E7}.Debug|Any CPU.Build.0 = Debug|Any CPU
		{72FB563F-1E36-9232-79C1-94CC259EB5E7}.Release|Any CPU.ActiveCfg = Release|Any CPU
		{72FB563F-1E36-9232-79C1-94CC259EB5E7}.Release|Any CPU.Build.0 = Release|Any CPU
	EndGlobalSection
	GlobalSection(SolutionProperties) = preSolution
		HideSolutionNode = FALSE
	EndGlobalSection
EndGlobal
