
Microsoft Visual Studio Solution File, Format Version 12.00
# Visual Studio 15
Project("{FAE04EC0-301F-11D3-BF4B-00C04F79EFBC}") = "Assembly-CSharp-firstpass", "Assembly-CSharp-firstpass.csproj", "{366D2156-63A2-4C2E-6906-4BA2743DEA6E}"
EndProject
Project("{FAE04EC0-301F-11D3-BF4B-00C04F79EFBC}") = "Assembly-CSharp", "Assembly-CSharp.csproj", "{B14F5309-56BE-1AEE-774C-E4AF4B0D343C}"
EndProject
Project("{FAE04EC0-301F-11D3-BF4B-00C04F79EFBC}") = "Assembly-CSharp-Editor-firstpass", "Assembly-CSharp-Editor-firstpass.csproj", "{8366CCE8-7A87-318A-110F-2FC002A88173}"
EndProject
Global
	GlobalSection(SolutionConfigurationPlatforms) = preSolution
		Debug|Any CPU = Debug|Any CPU
		Release|Any CPU = Release|Any CPU
	EndGlobalSection
	GlobalSection(ProjectConfigurationPlatforms) = postSolution
		{366D2156-63A2-4C2E-6906-4BA2743DEA6E}.Debug|Any CPU.ActiveCfg = Debug|Any CPU
		{366D2156-63A2-4C2E-6906-4BA2743DEA6E}.Debug|Any CPU.Build.0 = Debug|Any CPU
		{366D2156-63A2-4C2E-6906-4BA2743DEA6E}.Release|Any CPU.ActiveCfg = Release|Any CPU
		{366D2156-63A2-4C2E-6906-4BA2743DEA6E}.Release|Any CPU.Build.0 = Release|Any CPU
		{B14F5309-56BE-1AEE-774C-E4AF4B0D343C}.Debug|Any CPU.ActiveCfg = Debug|Any CPU
		{B14F5309-56BE-1AEE-774C-E4AF4B0D343C}.Debug|Any CPU.Build.0 = Debug|Any CPU
		{B14F5309-56BE-1AEE-774C-E4AF4B0D343C}.Release|Any CPU.ActiveCfg = Release|Any CPU
		{B14F5309-56BE-1AEE-774C-E4AF4B0D343C}.Release|Any CPU.Build.0 = Release|Any CPU
		{8366CCE8-7A87-318A-110F-2FC002A88173}.Debug|Any CPU.ActiveCfg = Debug|Any CPU
		{8366CCE8-7A87-318A-110F-2FC002A88173}.Debug|Any CPU.Build.0 = Debug|Any CPU
		{8366CCE8-7A87-318A-110F-2FC002A88173}.Release|Any CPU.ActiveCfg = Release|Any CPU
		{8366CCE8-7A87-318A-110F-2FC002A88173}.Release|Any CPU.Build.0 = Release|Any CPU
	EndGlobalSection
	GlobalSection(SolutionProperties) = preSolution
		HideSolutionNode = FALSE
	EndGlobalSection
EndGlobal
